
Microsoft Visual Studio Solution File, Format Version 12.00
# Visual Studio Version 17
VisualStudioVersion = 17.7.34003.232
MinimumVisualStudioVersion = 10.0.40219.1
Project("{FAE04EC0-301F-11D3-BF4B-00C04F79EFBC}") = "OracleDBATasks", "OracleDBATasks\OracleDBATasks.csproj", "{A95B73C8-2D29-42E9-9BFD-F39ADDB9F981}"
EndProject
Global
	GlobalSection(SolutionConfigurationPlatforms) = preSolution
		Debug|Any CPU = Debug|Any CPU
		Release|Any CPU = Release|Any CPU
	EndGlobalSection
	GlobalSection(ProjectConfigurationPlatforms) = postSolution
		{A95B73C8-2D29-42E9-9BFD-F39ADDB9F981}.Debug|Any CPU.ActiveCfg = Debug|Any CPU
		{A95B73C8-2D29-42E9-9BFD-F39ADDB9F981}.Debug|Any CPU.Build.0 = Debug|Any CPU
		{A95B73C8-2D29-42E9-9BFD-F39ADDB9F981}.Release|Any CPU.ActiveCfg = Release|Any CPU
		{A95B73C8-2D29-42E9-9BFD-F39ADDB9F981}.Release|Any CPU.Build.0 = Release|Any CPU
	EndGlobalSection
	GlobalSection(SolutionProperties) = preSolution
		HideSolutionNode = FALSE
	EndGlobalSection
	GlobalSection(ExtensibilityGlobals) = postSolution
		SolutionGuid = {BD8C9DD4-0036-4D7C-936F-36FDAAF6CFDD}
	EndGlobalSection
EndGlobal
